
Microsoft Visual Studio Solution File, Format Version 12.00
# Visual Studio Version 16
VisualStudioVersion = 16.0.31911.196
MinimumVisualStudioVersion = 10.0.40219.1
Project("{9A19103F-16F7-4668-BE54-9A1E7A4F7556}") = "Sum Of 500 Prime Nums", "Sum Of 500 Prime Nums\Sum Of 500 Prime Nums.csproj", "{B3F0B243-72F2-4CF1-8F76-B2A925F7393D}"
EndProject
Project("{9A19103F-16F7-4668-BE54-9A1E7A4F7556}") = "Remove Non-Letter Chars", "Remove Non-Letter Chars\Remove Non-Letter Chars.csproj", "{50833FD4-9AAC-49B4-B73F-35F4BB4A86E1}"
EndProject
Project("{FAE04EC0-301F-11D3-BF4B-00C04F79EFBC}") = "Triangle", "Triangle\Triangle.csproj", "{A48D468F-2682-46FD-A6AC-29D88EAA2461}"
EndProject
Project("{FAE04EC0-301F-11D3-BF4B-00C04F79EFBC}") = "Perfect Number", "Perfect Number\Perfect Number.csproj", "{71FC1FC0-257B-40BF-BD3E-2069B989CA5B}"
EndProject
Project("{FAE04EC0-301F-11D3-BF4B-00C04F79EFBC}") = "Pascal Triangle", "Pascal Triangle\Pascal Triangle.csproj", "{3DF3DFA5-0FA6-499E-9F5B-B90ABBFFBC88}"
EndProject
Project("{FAE04EC0-301F-11D3-BF4B-00C04F79EFBC}") = "Check Prime Constituants", "Check Prime Constituants\Check Prime Constituants.csproj", "{7D0EDFA4-6E05-4806-B5B0-C53F4D340ED2}"
EndProject
Global
	GlobalSection(SolutionConfigurationPlatforms) = preSolution
		Debug|Any CPU = Debug|Any CPU
		Release|Any CPU = Release|Any CPU
	EndGlobalSection
	GlobalSection(ProjectConfigurationPlatforms) = postSolution
		{B3F0B243-72F2-4CF1-8F76-B2A925F7393D}.Debug|Any CPU.ActiveCfg = Debug|Any CPU
		{B3F0B243-72F2-4CF1-8F76-B2A925F7393D}.Debug|Any CPU.Build.0 = Debug|Any CPU
		{B3F0B243-72F2-4CF1-8F76-B2A925F7393D}.Release|Any CPU.ActiveCfg = Release|Any CPU
		{B3F0B243-72F2-4CF1-8F76-B2A925F7393D}.Release|Any CPU.Build.0 = Release|Any CPU
		{50833FD4-9AAC-49B4-B73F-35F4BB4A86E1}.Debug|Any CPU.ActiveCfg = Debug|Any CPU
		{50833FD4-9AAC-49B4-B73F-35F4BB4A86E1}.Debug|Any CPU.Build.0 = Debug|Any CPU
		{50833FD4-9AAC-49B4-B73F-35F4BB4A86E1}.Release|Any CPU.ActiveCfg = Release|Any CPU
		{50833FD4-9AAC-49B4-B73F-35F4BB4A86E1}.Release|Any CPU.Build.0 = Release|Any CPU
		{A48D468F-2682-46FD-A6AC-29D88EAA2461}.Debug|Any CPU.ActiveCfg = Debug|Any CPU
		{A48D468F-2682-46FD-A6AC-29D88EAA2461}.Debug|Any CPU.Build.0 = Debug|Any CPU
		{A48D468F-2682-46FD-A6AC-29D88EAA2461}.Release|Any CPU.ActiveCfg = Release|Any CPU
		{A48D468F-2682-46FD-A6AC-29D88EAA2461}.Release|Any CPU.Build.0 = Release|Any CPU
		{71FC1FC0-257B-40BF-BD3E-2069B989CA5B}.Debug|Any CPU.ActiveCfg = Debug|Any CPU
		{71FC1FC0-257B-40BF-BD3E-2069B989CA5B}.Debug|Any CPU.Build.0 = Debug|Any CPU
		{71FC1FC0-257B-40BF-BD3E-2069B989CA5B}.Release|Any CPU.ActiveCfg = Release|Any CPU
		{71FC1FC0-257B-40BF-BD3E-2069B989CA5B}.Release|Any CPU.Build.0 = Release|Any CPU
		{3DF3DFA5-0FA6-499E-9F5B-B90ABBFFBC88}.Debug|Any CPU.ActiveCfg = Debug|Any CPU
		{3DF3DFA5-0FA6-499E-9F5B-B90ABBFFBC88}.Debug|Any CPU.Build.0 = Debug|Any CPU
		{3DF3DFA5-0FA6-499E-9F5B-B90ABBFFBC88}.Release|Any CPU.ActiveCfg = Release|Any CPU
		{3DF3DFA5-0FA6-499E-9F5B-B90ABBFFBC88}.Release|Any CPU.Build.0 = Release|Any CPU
		{7D0EDFA4-6E05-4806-B5B0-C53F4D340ED2}.Debug|Any CPU.ActiveCfg = Debug|Any CPU
		{7D0EDFA4-6E05-4806-B5B0-C53F4D340ED2}.Debug|Any CPU.Build.0 = Debug|Any CPU
		{7D0EDFA4-6E05-4806-B5B0-C53F4D340ED2}.Release|Any CPU.ActiveCfg = Release|Any CPU
		{7D0EDFA4-6E05-4806-B5B0-C53F4D340ED2}.Release|Any CPU.Build.0 = Release|Any CPU
	EndGlobalSection
	GlobalSection(SolutionProperties) = preSolution
		HideSolutionNode = FALSE
	EndGlobalSection
	GlobalSection(ExtensibilityGlobals) = postSolution
		SolutionGuid = {D5FF7755-4058-413B-8FD5-98677DAD100F}
	EndGlobalSection
EndGlobal
